
Microsoft Visual Studio Solution File, Format Version 12.00
# Visual Studio 2015
Project("{FAE04EC0-301F-11D3-BF4B-00C04F79EFBC}") = "Shop.CSharp", "Shop.CSharp.csproj", "{7DE65CD6-D777-D62F-A035-3BE1108CCD45}"
EndProject
Project("{FAE04EC0-301F-11D3-BF4B-00C04F79EFBC}") = "Shop.CSharp.Editor", "Shop.CSharp.Editor.csproj", "{07304D77-671C-C186-D47C-D26483558AE5}"
EndProject
Global
	GlobalSection(SolutionConfigurationPlatforms) = preSolution
		Debug|Any CPU = Debug|Any CPU
		Release|Any CPU = Release|Any CPU
	EndGlobalSection
	GlobalSection(ProjectConfigurationPlatforms) = postSolution
		{7DE65CD6-D777-D62F-A035-3BE1108CCD45}.Debug|Any CPU.ActiveCfg = Debug|Any CPU
		{7DE65CD6-D777-D62F-A035-3BE1108CCD45}.Debug|Any CPU.Build.0 = Debug|Any CPU
		{7DE65CD6-D777-D62F-A035-3BE1108CCD45}.Release|Any CPU.ActiveCfg = Release|Any CPU
		{7DE65CD6-D777-D62F-A035-3BE1108CCD45}.Release|Any CPU.Build.0 = Release|Any CPU
		{07304D77-671C-C186-D47C-D26483558AE5}.Debug|Any CPU.ActiveCfg = Debug|Any CPU
		{07304D77-671C-C186-D47C-D26483558AE5}.Debug|Any CPU.Build.0 = Debug|Any CPU
		{07304D77-671C-C186-D47C-D26483558AE5}.Release|Any CPU.ActiveCfg = Release|Any CPU
		{07304D77-671C-C186-D47C-D26483558AE5}.Release|Any CPU.Build.0 = Release|Any CPU
	EndGlobalSection
	GlobalSection(SolutionProperties) = preSolution
		HideSolutionNode = FALSE
	EndGlobalSection
EndGlobal
